
Microsoft Visual Studio Solution File, Format Version 12.00
# Visual Studio Version 17
VisualStudioVersion = 17.14.36717.8
MinimumVisualStudioVersion = 10.0.40219.1
Project("{888888A0-9F3D-457C-B088-3A5042F75D52}") = "Uang Asura", "Uang Asura.pyproj", "{84C547C6-CAAF-4B43-8175-D5C2136E261A}"
EndProject
Global
	GlobalSection(SolutionConfigurationPlatforms) = preSolution
		Debug|Any CPU = Debug|Any CPU
		Release|Any CPU = Release|Any CPU
	EndGlobalSection
	GlobalSection(ProjectConfigurationPlatforms) = postSolution
		{84C547C6-CAAF-4B43-8175-D5C2136E261A}.Debug|Any CPU.ActiveCfg = Debug|Any CPU
		{84C547C6-CAAF-4B43-8175-D5C2136E261A}.Release|Any CPU.ActiveCfg = Release|Any CPU
	EndGlobalSection
	GlobalSection(SolutionProperties) = preSolution
		HideSolutionNode = FALSE
	EndGlobalSection
	GlobalSection(ExtensibilityGlobals) = postSolution
		SolutionGuid = {FA888E07-62F5-4474-A179-6BCB28E1AF64}
	EndGlobalSection
EndGlobal
