
Microsoft Visual Studio Solution File, Format Version 12.00
# Visual Studio Version 17
VisualStudioVersion = 17.14.36717.8 d17.14
MinimumVisualStudioVersion = 10.0.40219.1
Project("{888888A0-9F3D-457C-B088-3A5042F75D52}") = "WebCrawlerProgram", "WebCrawlerProgram.pyproj", "{676DC816-AB93-477A-9B34-F3421E8704BB}"
EndProject
Project("{54435603-DBB4-11D2-8724-00A0C9A8B90C}") = "Uang Asura", "Uang Asura\Uang Asura.vdproj", "{6CFE03D4-9C7D-1FE7-610E-CE887EDE4DF8}"
EndProject
Global
	GlobalSection(SolutionConfigurationPlatforms) = preSolution
		Debug|Any CPU = Debug|Any CPU
		Release|Any CPU = Release|Any CPU
	EndGlobalSection
	GlobalSection(ProjectConfigurationPlatforms) = postSolution
		{676DC816-AB93-477A-9B34-F3421E8704BB}.Debug|Any CPU.ActiveCfg = Debug|Any CPU
		{676DC816-AB93-477A-9B34-F3421E8704BB}.Release|Any CPU.ActiveCfg = Release|Any CPU
		{6CFE03D4-9C7D-1FE7-610E-CE887EDE4DF8}.Debug|Any CPU.ActiveCfg = Debug
		{6CFE03D4-9C7D-1FE7-610E-CE887EDE4DF8}.Release|Any CPU.ActiveCfg = Release
	EndGlobalSection
	GlobalSection(SolutionProperties) = preSolution
		HideSolutionNode = FALSE
	EndGlobalSection
	GlobalSection(ExtensibilityGlobals) = postSolution
		SolutionGuid = {11159658-3E7C-41AD-ACB2-28A91484F4EC}
	EndGlobalSection
EndGlobal
